
Microsoft Visual Studio Solution File, Format Version 12.00
# Visual Studio Version 16
VisualStudioVersion = 16.0.31105.61
MinimumVisualStudioVersion = 10.0.40219.1
Project("{FAE04EC0-301F-11D3-BF4B-00C04F79EFBC}") = "WebApplicationDemo", "WebApplicationDemo.csproj", "{7B3380BF-C02B-4436-B53D-755B0D474518}"
EndProject
Global
	GlobalSection(SolutionConfigurationPlatforms) = preSolution
		Debug|Any CPU = Debug|Any CPU
		Release|Any CPU = Release|Any CPU
	EndGlobalSection
	GlobalSection(ProjectConfigurationPlatforms) = postSolution
		{7B3380BF-C02B-4436-B53D-755B0D474518}.Debug|Any CPU.ActiveCfg = Debug|Any CPU
		{7B3380BF-C02B-4436-B53D-755B0D474518}.Debug|Any CPU.Build.0 = Debug|Any CPU
		{7B3380BF-C02B-4436-B53D-755B0D474518}.Release|Any CPU.ActiveCfg = Release|Any CPU
		{7B3380BF-C02B-4436-B53D-755B0D474518}.Release|Any CPU.Build.0 = Release|Any CPU
	EndGlobalSection
	GlobalSection(SolutionProperties) = preSolution
		HideSolutionNode = FALSE
	EndGlobalSection
	GlobalSection(ExtensibilityGlobals) = postSolution
		SolutionGuid = {36154BEF-6381-496C-A731-8A6CC3867477}
	EndGlobalSection
EndGlobal
